
Microsoft Visual Studio Solution File, Format Version 12.00
# Visual Studio Version 17
VisualStudioVersion = 17.7.34009.444
MinimumVisualStudioVersion = 10.0.40219.1
Project("{FAE04EC0-301F-11D3-BF4B-00C04F79EFBC}") = "Vagtplan.Server", "Vagtplan\Server\Vagtplan.Server.csproj", "{A94CB748-79DF-4944-BC21-B0505DA29975}"
EndProject
Project("{FAE04EC0-301F-11D3-BF4B-00C04F79EFBC}") = "Vagtplan.Client", "Vagtplan\Client\Vagtplan.Client.csproj", "{784A267A-68E9-46B3-85E2-3F03E0C12012}"
EndProject
Project("{FAE04EC0-301F-11D3-BF4B-00C04F79EFBC}") = "Vagtplan.Shared", "Vagtplan\Shared\Vagtplan.Shared.csproj", "{160AA079-CB5B-442E-8264-8BAC41153421}"
EndProject
Global
	GlobalSection(SolutionConfigurationPlatforms) = preSolution
		Debug|Any CPU = Debug|Any CPU
		Release|Any CPU = Release|Any CPU
	EndGlobalSection
	GlobalSection(ProjectConfigurationPlatforms) = postSolution
		{A94CB748-79DF-4944-BC21-B0505DA29975}.Debug|Any CPU.ActiveCfg = Debug|Any CPU
		{A94CB748-79DF-4944-BC21-B0505DA29975}.Debug|Any CPU.Build.0 = Debug|Any CPU
		{A94CB748-79DF-4944-BC21-B0505DA29975}.Release|Any CPU.ActiveCfg = Release|Any CPU
		{A94CB748-79DF-4944-BC21-B0505DA29975}.Release|Any CPU.Build.0 = Release|Any CPU
		{784A267A-68E9-46B3-85E2-3F03E0C12012}.Debug|Any CPU.ActiveCfg = Debug|Any CPU
		{784A267A-68E9-46B3-85E2-3F03E0C12012}.Debug|Any CPU.Build.0 = Debug|Any CPU
		{784A267A-68E9-46B3-85E2-3F03E0C12012}.Release|Any CPU.ActiveCfg = Release|Any CPU
		{784A267A-68E9-46B3-85E2-3F03E0C12012}.Release|Any CPU.Build.0 = Release|Any CPU
		{160AA079-CB5B-442E-8264-8BAC41153421}.Debug|Any CPU.ActiveCfg = Debug|Any CPU
		{160AA079-CB5B-442E-8264-8BAC41153421}.Debug|Any CPU.Build.0 = Debug|Any CPU
		{160AA079-CB5B-442E-8264-8BAC41153421}.Release|Any CPU.ActiveCfg = Release|Any CPU
		{160AA079-CB5B-442E-8264-8BAC41153421}.Release|Any CPU.Build.0 = Release|Any CPU
	EndGlobalSection
	GlobalSection(SolutionProperties) = preSolution
		HideSolutionNode = FALSE
	EndGlobalSection
	GlobalSection(ExtensibilityGlobals) = postSolution
		SolutionGuid = {2CEFEF06-9A65-4EED-9034-4127190552C0}
	EndGlobalSection
EndGlobal
